// !$*UTF8*$!
{
	archiveVersion = 1;
	classes = {
	};
	objectVersion = 50;
	objects = {

/* Begin PBXBuildFile section */
		3D633BBB209B9494000CE41B /* Converter.swift in Sources */ = {isa = PBXBuildFile; fileRef = 3D633BBA209B9494000CE41B /* Converter.swift */; };
		3DC73E0B208140C6008F60FC /* AppDelegate.swift in Sources */ = {isa = PBXBuildFile; fileRef = 3DC73E0A208140C6008F60FC /* AppDelegate.swift */; };
		3DC73E10208140C6008F60FC /* Main.storyboard in Resources */ = {isa = PBXBuildFile; fileRef = 3DC73E0E208140C6008F60FC /* Main.storyboard */; };
		3DC73E13208140C6008F60FC /* Conversion_Calculator.xcdatamodeld in Sources */ = {isa = PBXBuildFile; fileRef = 3DC73E11208140C6008F60FC /* Conversion_Calculator.xcdatamodeld */; };
		3DC73E15208140C7008F60FC /* Assets.xcassets in Resources */ = {isa = PBXBuildFile; fileRef = 3DC73E14208140C7008F60FC /* Assets.xcassets */; };
		3DC73E18208140C7008F60FC /* LaunchScreen.storyboard in Resources */ = {isa = PBXBuildFile; fileRef = 3DC73E16208140C7008F60FC /* LaunchScreen.storyboard */; };
		3DC73E202081535C008F60FC /* ConverterViewController.swift in Sources */ = {isa = PBXBuildFile; fileRef = 3DC73E1F2081535C008F60FC /* ConverterViewController.swift */; };
/* End PBXBuildFile section */

/* Begin PBXFileReference section */
		3D633BBA209B9494000CE41B /* Converter.swift */ = {isa = PBXFileReference; lastKnownFileType = sourcecode.swift; path = Converter.swift; sourceTree = "<group>"; };
		3DC73E07208140C6008F60FC /* Conversion Calculator.app */ = {isa = PBXFileReference; explicitFileType = wrapper.application; includeInIndex = 0; path = "Conversion Calculator.app"; sourceTree = BUILT_PRODUCTS_DIR; };
		3DC73E0A208140C6008F60FC /* AppDelegate.swift */ = {isa = PBXFileReference; lastKnownFileType = sourcecode.swift; path = AppDelegate.swift; sourceTree = "<group>"; };
		3DC73E0F208140C6008F60FC /* Base */ = {isa = PBXFileReference; lastKnownFileType = file.storyboard; name = Base; path = Base.lproj/Main.storyboard; sourceTree = "<group>"; };
		3DC73E12208140C6008F60FC /* Conversion_Calculator.xcdatamodel */ = {isa = PBXFileReference; lastKnownFileType = wrapper.xcdatamodel; path = Conversion_Calculator.xcdatamodel; sourceTree = "<group>"; };
		3DC73E14208140C7008F60FC /* Assets.xcassets */ = {isa = PBXFileReference; lastKnownFileType = folder.assetcatalog; path = Assets.xcassets; sourceTree = "<group>"; };
		3DC73E17208140C7008F60FC /* Base */ = {isa = PBXFileReference; lastKnownFileType = file.storyboard; name = Base; path = Base.lproj/LaunchScreen.storyboard; sourceTree = "<group>"; };
		3DC73E19208140C7008F60FC /* Info.plist */ = {isa = PBXFileReference; lastKnownFileType = text.plist.xml; path = Info.plist; sourceTree = "<group>"; };
		3DC73E1F2081535C008F60FC /* ConverterViewController.swift */ = {isa = PBXFileReference; lastKnownFileType = sourcecode.swift; path = ConverterViewController.swift; sourceTree = "<group>"; };
/* End PBXFileReference section */

/* Begin PBXFrameworksBuildPhase section */
		3DC73E04208140C5008F60FC /* Frameworks */ = {
			isa = PBXFrameworksBuildPhase;
			buildActionMask = 2147483647;
			files = (
			);
			runOnlyForDeploymentPostprocessing = 0;
		};
/* End PBXFrameworksBuildPhase section */

/* Begin PBXGroup section */
		3DC73DFE208140C5008F60FC = {
			isa = PBXGroup;
			children = (
				3DC73E09208140C6008F60FC /* Conversion Calculator */,
				3DC73E08208140C6008F60FC /* Products */,
			);
			sourceTree = "<group>";
		};
		3DC73E08208140C6008F60FC /* Products */ = {
			isa = PBXGroup;
			children = (
				3DC73E07208140C6008F60FC /* Conversion Calculator.app */,
			);
			name = Products;
			sourceTree = "<group>";
		};
		3DC73E09208140C6008F60FC /* Conversion Calculator */ = {
			isa = PBXGroup;
			children = (
				3DC73E0A208140C6008F60FC /* AppDelegate.swift */,
				3DC73E0E208140C6008F60FC /* Main.storyboard */,
				3DC73E14208140C7008F60FC /* Assets.xcassets */,
				3DC73E16208140C7008F60FC /* LaunchScreen.storyboard */,
				3DC73E19208140C7008F60FC /* Info.plist */,
				3DC73E11208140C6008F60FC /* Conversion_Calculator.xcdatamodeld */,
				3DC73E1F2081535C008F60FC /* ConverterViewController.swift */,
				3D633BBA209B9494000CE41B /* Converter.swift */,
			);
			path = "Conversion Calculator";
			sourceTree = "<group>";
		};
/* End PBXGroup section */

/* Begin PBXNativeTarget section */
		3DC73E06208140C5008F60FC /* Conversion Calculator */ = {
			isa = PBXNativeTarget;
			buildConfigurationList = 3DC73E1C208140C7008F60FC /* Build configuration list for PBXNativeTarget "Conversion Calculator" */;
			buildPhases = (
				3DC73E03208140C5008F60FC /* Sources */,
				3DC73E04208140C5008F60FC /* Frameworks */,
				3DC73E05208140C5008F60FC /* Resources */,
			);
			buildRules = (
			);
			dependencies = (
			);
			name = "Conversion Calculator";
			productName = "Conversion Calculator";
			productReference = 3DC73E07208140C6008F60FC /* Conversion Calculator.app */;
			productType = "com.apple.product-type.application";
		};
/* End PBXNativeTarget section */

/* Begin PBXProject section */
		3DC73DFF208140C5008F60FC /* Project object */ = {
			isa = PBXProject;
			attributes = {
				LastSwiftUpdateCheck = 0930;
				LastUpgradeCheck = 0930;
				ORGANIZATIONNAME = jpfvx8;
				TargetAttributes = {
					3DC73E06208140C5008F60FC = {
						CreatedOnToolsVersion = 9.3;
					};
				};
			};
			buildConfigurationList = 3DC73E02208140C5008F60FC /* Build configuration list for PBXProject "Conversion Calculator" */;
			compatibilityVersion = "Xcode 9.3";
			developmentRegion = en;
			hasScannedForEncodings = 0;
			knownRegions = (
				en,
				Base,
			);
			mainGroup = 3DC73DFE208140C5008F60FC;
			productRefGroup = 3DC73E08208140C6008F60FC /* Products */;
			projectDirPath = "";
			projectRoot = "";
			targets = (
				3DC73E06208140C5008F60FC /* Conversion Calculator */,
			);
		};
/* End PBXProject section */

/* Begin PBXResourcesBuildPhase section */
		3DC73E05208140C5008F60FC /* Resources */ = {
			isa = PBXResourcesBuildPhase;
			buildActionMask = 2147483647;
			files = (
				3DC73E18208140C7008F60FC /* LaunchScreen.storyboard in Resources */,
				3DC73E15208140C7008F60FC /* Assets.xcassets in Resources */,
				3DC73E10208140C6008F60FC /* Main.storyboard in Resources */,
			);
			runOnlyForDeploymentPostprocessing = 0;
		};
/* End PBXResourcesBuildPhase section */

/* Begin PBXSourcesBuildPhase section */
		3DC73E03208140C5008F60FC /* Sources */ = {
			isa = PBXSourcesBuildPhase;
			buildActionMask = 2147483647;
			files = (
				3DC73E13208140C6008F60FC /* Conversion_Calculator.xcdatamodeld in Sources */,
				3DC73E0B208140C6008F60FC /* AppDelegate.swift in Sources */,
				3D633BBB209B9494000CE41B /* Converter.swift in Sources */,
				3DC73E202081535C008F60FC /* ConverterViewController.swift in Sources */,
			);
			runOnlyForDeploymentPostprocessing = 0;
		};
/* End PBXSourcesBuildPhase section */

/* Begin PBXVariantGroup section */
		3DC73E0E208140C6008F60FC /* Main.storyboard */ = {
			isa = PBXVariantGroup;
			children = (
				3DC73E0F208140C6008F60FC /* Base */,
			);
			name = Main.storyboard;
			sourceTree = "<group>";
		};
		3DC73E16208140C7008F60FC /* LaunchScreen.storyboard */ = {
			isa = PBXVariantGroup;
			children = (
				3DC73E17208140C7008F60FC /* Base */,
			);
			name = LaunchScreen.storyboard;
			sourceTree = "<group>";
		};
/* End PBXVariantGroup section */

/* Begin XCBuildConfiguration section */
		3DC73E1A208140C7008F60FC /* Debug */ = {
			isa = XCBuildConfiguration;
			buildSettings = {
				ALWAYS_SEARCH_USER_PATHS = NO;
				CLANG_ANALYZER_NONNULL = YES;
				CLANG_ANALYZER_NUMBER_OBJECT_CONVERSION = YES_AGGRESSIVE;
				CLANG_CXX_LANGUAGE_STANDARD = "gnu++14";
				CLANG_CXX_LIBRARY = "libc++";
				CLANG_ENABLE_MODULES = YES;
				CLANG_ENABLE_OBJC_ARC = YES;
				CLANG_ENABLE_OBJC_WEAK = YES;
				CLANG_WARN_BLOCK_CAPTURE_AUTORELEASING = YES;
				CLANG_WARN_BOOL_CONVERSION = YES;
				CLANG_WARN_COMMA = YES;
				CLANG_WARN_CONSTANT_CONVERSION = YES;
				CLANG_WARN_DEPRECATED_OBJC_IMPLEMENTATIONS = YES;
				CLANG_WARN_DIRECT_OBJC_ISA_USAGE = YES_ERROR;
				CLANG_WARN_DOCUMENTATION_COMMENTS = YES;
				CLANG_WARN_EMPTY_BODY = YES;
				CLANG_WARN_ENUM_CONVERSION = YES;
				CLANG_WARN_INFINITE_RECURSION = YES;
				CLANG_WARN_INT_CONVERSION = YES;
				CLANG_WARN_NON_LITERAL_NULL_CONVERSION = YES;
				CLANG_WARN_OBJC_IMPLICIT_RETAIN_SELF = YES;
				CLANG_WARN_OBJC_LITERAL_CONVERSION = YES;
				CLANG_WARN_OBJC_ROOT_CLASS = YES_ERROR;
				CLANG_WARN_RANGE_LOOP_ANALYSIS = YES;
				CLANG_WARN_STRICT_PROTOTYPES = YES;
				CLANG_WARN_SUSPICIOUS_MOVE = YES;
				CLANG_WARN_UNGUARDED_AVAILABILITY = YES_AGGRESSIVE;
				CLANG_WARN_UNREACHABLE_CODE = YES;
				CLANG_WARN__DUPLICATE_METHOD_MATCH = YES;
				CODE_SIGN_IDENTITY = "iPhone Developer";
				COPY_PHASE_STRIP = NO;
				DEBUG_INFORMATION_FORMAT = dwarf;
				ENABLE_STRICT_OBJC_MSGSEND = YES;
				ENABLE_TESTABILITY = YES;
				GCC_C_LANGUAGE_STANDARD = gnu11;
				GCC_DYNAMIC_NO_PIC = NO;
				GCC_NO_COMMON_BLOCKS = YES;
				GCC_OPTIMIZATION_LEVEL = 0;
				GCC_PREPROCESSOR_DEFINITIONS = (
					"DEBUG=1",
					"$(inherited)",
				);
				GCC_WARN_64_TO_32_BIT_CONVERSION = YES;
				GCC_WARN_ABOUT_RETURN_TYPE = YES_ERROR;
				GCC_WARN_UNDECLARED_SELECTOR = YES;
				GCC_WARN_UNINITIALIZED_AUTOS = YES_AGGRESSIVE;
				GCC_WARN_UNUSED_FUNCTION = YES;
				GCC_WARN_UNUSED_VARIABLE = YES;
				IPHONEOS_DEPLOYMENT_TARGET = 11.3;
				MTL_ENABLE_DEBUG_INFO = YES;
				ONLY_ACTIVE_ARCH = YES;
				SDKROOT = iphoneos;
				SWIFT_ACTIVE_COMPILATION_CONDITIONS = DEBUG;
				SWIFT_OPTIMIZATION_LEVEL = "-Onone";
			};
			name = Debug;
		};
		3DC73E1B208140C7008F60FC /* Release */ = {
			isa = XCBuildConfiguration;
			buildSettings = {
				ALWAYS_SEARCH_USER_PATHS = NO;
				CLANG_ANALYZER_NONNULL = YES;
				CLANG_ANALYZER_NUMBER_OBJECT_CONVERSION = YES_AGGRESSIVE;
				CLANG_CXX_LANGUAGE_STANDARD = "gnu++14";
				CLANG_CXX_LIBRARY = "libc++";
				CLANG_ENABLE_MODULES = YES;
				CLANG_ENABLE_OBJC_ARC = YES;
				CLANG_ENABLE_OBJC_WEAK = YES;
				CLANG_WARN_BLOCK_CAPTURE_AUTORELEASING = YES;
				CLANG_WARN_BOOL_CONVERSION = YES;
				CLANG_WARN_COMMA = YES;
				CLANG_WARN_CONSTANT_CONVERSION = YES;
				CLANG_WARN_DEPRECATED_OBJC_IMPLEMENTATIONS = YES;
				CLANG_WARN_DIRECT_OBJC_ISA_USAGE = YES_ERROR;
				CLANG_WARN_DOCUMENTATION_COMMENTS = YES;
				CLANG_WARN_EMPTY_BODY = YES;
				CLANG_WARN_ENUM_CONVERSION = YES;
				CLANG_WARN_INFINITE_RECURSION = YES;
				CLANG_WARN_INT_CONVERSION = YES;
				CLANG_WARN_NON_LITERAL_NULL_CONVERSION = YES;
				CLANG_WARN_OBJC_IMPLICIT_RETAIN_SELF = YES;
				CLANG_WARN_OBJC_LITERAL_CONVERSION = YES;
				CLANG_WARN_OBJC_ROOT_CLASS = YES_ERROR;
				CLANG_WARN_RANGE_LOOP_ANALYSIS = YES;
				CLANG_WARN_STRICT_PROTOTYPES = YES;
				CLANG_WARN_SUSPICIOUS_MOVE = YES;
				CLANG_WARN_UNGUARDED_AVAILABILITY = YES_AGGRESSIVE;
				CLANG_WARN_UNREACHABLE_CODE = YES;
				CLANG_WARN__DUPLICATE_METHOD_MATCH = YES;
				CODE_SIGN_IDENTITY = "iPhone Developer";
				COPY_PHASE_STRIP = NO;
				DEBUG_INFORMATION_FORMAT = "dwarf-with-dsym";
				ENABLE_NS_ASSERTIONS = NO;
				ENABLE_STRICT_OBJC_MSGSEND = YES;
				GCC_C_LANGUAGE_STANDARD = gnu11;
				GCC_NO_COMMON_BLOCKS = YES;
				GCC_WARN_64_TO_32_BIT_CONVERSION = YES;
				GCC_WARN_ABOUT_RETURN_TYPE = YES_ERROR;
				GCC_WARN_UNDECLARED_SELECTOR = YES;
				GCC_WARN_UNINITIALIZED_AUTOS = YES_AGGRESSIVE;
				GCC_WARN_UNUSED_FUNCTION = YES;
				GCC_WARN_UNUSED_VARIABLE = YES;
				IPHONEOS_DEPLOYMENT_TARGET = 11.3;
				MTL_ENABLE_DEBUG_INFO = NO;
				SDKROOT = iphoneos;
				SWIFT_COMPILATION_MODE = wholemodule;
				SWIFT_OPTIMIZATION_LEVEL = "-O";
				VALIDATE_PRODUCT = YES;
			};
			name = Release;
		};
		3DC73E1D208140C7008F60FC /* Debug */ = {
			isa = XCBuildConfiguration;
			buildSettings = {
				ASSETCATALOG_COMPILER_APPICON_NAME = AppIcon;
				CODE_SIGN_STYLE = Automatic;
				INFOPLIST_FILE = "Conversion Calculator/Info.plist";
				LD_RUNPATH_SEARCH_PATHS = (
					"$(inherited)",
					"@executable_path/Frameworks",
				);
				PRODUCT_BUNDLE_IDENTIFIER = "com.jpfvx8.Conversion-Calculator";
				PRODUCT_NAME = "$(TARGET_NAME)";
				SWIFT_VERSION = 4.0;
				TARGETED_DEVICE_FAMILY = "1,2";
			};
			name = Debug;
		};
		3DC73E1E208140C7008F60FC /* Release */ = {
			isa = XCBuildConfiguration;
			buildSettings = {
				ASSETCATALOG_COMPILER_APPICON_NAME = AppIcon;
				CODE_SIGN_STYLE = Automatic;
				INFOPLIST_FILE = "Conversion Calculator/Info.plist";
				LD_RUNPATH_SEARCH_PATHS = (
					"$(inherited)",
					"@executable_path/Frameworks",
				);
				PRODUCT_BUNDLE_IDENTIFIER = "com.jpfvx8.Conversion-Calculator";
				PRODUCT_NAME = "$(TARGET_NAME)";
				SWIFT_VERSION = 4.0;
				TARGETED_DEVICE_FAMILY = "1,2";
			};
			name = Release;
		};
/* End XCBuildConfiguration section */

/* Begin XCConfigurationList section */
		3DC73E02208140C5008F60FC /* Build configuration list for PBXProject "Conversion Calculator" */ = {
			isa = XCConfigurationList;
			buildConfigurations = (
				3DC73E1A208140C7008F60FC /* Debug */,
				3DC73E1B208140C7008F60FC /* Release */,
			);
			defaultConfigurationIsVisible = 0;
			defaultConfigurationName = Release;
		};
		3DC73E1C208140C7008F60FC /* Build configuration list for PBXNativeTarget "Conversion Calculator" */ = {
			isa = XCConfigurationList;
			buildConfigurations = (
				3DC73E1D208140C7008F60FC /* Debug */,
				3DC73E1E208140C7008F60FC /* Release */,
			);
			defaultConfigurationIsVisible = 0;
			defaultConfigurationName = Release;
		};
/* End XCConfigurationList section */

/* Begin XCVersionGroup section */
		3DC73E11208140C6008F60FC /* Conversion_Calculator.xcdatamodeld */ = {
			isa = XCVersionGroup;
			children = (
				3DC73E12208140C6008F60FC /* Conversion_Calculator.xcdatamodel */,
			);
			currentVersion = 3DC73E12208140C6008F60FC /* Conversion_Calculator.xcdatamodel */;
			path = Conversion_Calculator.xcdatamodeld;
			sourceTree = "<group>";
			versionGroupType = wrapper.xcdatamodel;
		};
/* End XCVersionGroup section */
	};
	rootObject = 3DC73DFF208140C5008F60FC /* Project object */;
}
